// !$*UTF8*$!
{
	archiveVersion = 1;
	classes = {
	};
	objectVersion = 46;
	objects = {

/* Begin PBXBuildFile section */
		39098F031D5060A90044FE8F /* AppDelegate.swift in Sources */ = {isa = PBXBuildFile; fileRef = 39098F021D5060A90044FE8F /* AppDelegate.swift */; };
		39098F051D5060A90044FE8F /* ViewController.swift in Sources */ = {isa = PBXBuildFile; fileRef = 39098F041D5060A90044FE8F /* ViewController.swift */; };
		39098F081D5060A90044FE8F /* Main.storyboard in Resources */ = {isa = PBXBuildFile; fileRef = 39098F061D5060A90044FE8F /* Main.storyboard */; };
		39098F0A1D5060A90044FE8F /* Assets.xcassets in Resources */ = {isa = PBXBuildFile; fileRef = 39098F091D5060A90044FE8F /* Assets.xcassets */; };
		39098F0D1D5060A90044FE8F /* LaunchScreen.storyboard in Resources */ = {isa = PBXBuildFile; fileRef = 39098F0B1D5060A90044FE8F /* LaunchScreen.storyboard */; };
/* End PBXBuildFile section */

/* Begin PBXFileReference section */
		39098EFF1D5060A90044FE8F /* pokedex.app */ = {isa = PBXFileReference; explicitFileType = wrapper.application; includeInIndex = 0; path = pokedex.app; sourceTree = BUILT_PRODUCTS_DIR; };
		39098F021D5060A90044FE8F /* AppDelegate.swift */ = {isa = PBXFileReference; lastKnownFileType = sourcecode.swift; path = AppDelegate.swift; sourceTree = "<group>"; };
		39098F041D5060A90044FE8F /* ViewController.swift */ = {isa = PBXFileReference; lastKnownFileType = sourcecode.swift; path = ViewController.swift; sourceTree = "<group>"; };
		39098F071D5060A90044FE8F /* Base */ = {isa = PBXFileReference; lastKnownFileType = file.storyboard; name = Base; path = Base.lproj/Main.storyboard; sourceTree = "<group>"; };
		39098F091D5060A90044FE8F /* Assets.xcassets */ = {isa = PBXFileReference; lastKnownFileType = folder.assetcatalog; path = Assets.xcassets; sourceTree = "<group>"; };
		39098F0C1D5060A90044FE8F /* Base */ = {isa = PBXFileReference; lastKnownFileType = file.storyboard; name = Base; path = Base.lproj/LaunchScreen.storyboard; sourceTree = "<group>"; };
		39098F0E1D5060A90044FE8F /* Info.plist */ = {isa = PBXFileReference; lastKnownFileType = text.plist.xml; path = Info.plist; sourceTree = "<group>"; };
/* End PBXFileReference section */

/* Begin PBXFrameworksBuildPhase section */
		39098EFC1D5060A90044FE8F /* Frameworks */ = {
			isa = PBXFrameworksBuildPhase;
			buildActionMask = 2147483647;
			files = (
			);
			runOnlyForDeploymentPostprocessing = 0;
		};
/* End PBXFrameworksBuildPhase section */

/* Begin PBXGroup section */
		39098EF61D5060A90044FE8F = {
			isa = PBXGroup;
			children = (
				39098F011D5060A90044FE8F /* pokedex */,
				39098F001D5060A90044FE8F /* Products */,
			);
			sourceTree = "<group>";
		};
		39098F001D5060A90044FE8F /* Products */ = {
			isa = PBXGroup;
			children = (
				39098EFF1D5060A90044FE8F /* pokedex.app */,
			);
			name = Products;
			sourceTree = "<group>";
		};
		39098F011D5060A90044FE8F /* pokedex */ = {
			isa = PBXGroup;
			children = (
				39098F021D5060A90044FE8F /* AppDelegate.swift */,
				39098F041D5060A90044FE8F /* ViewController.swift */,
				39098F061D5060A90044FE8F /* Main.storyboard */,
				39098F091D5060A90044FE8F /* Assets.xcassets */,
				39098F0B1D5060A90044FE8F /* LaunchScreen.storyboard */,
				39098F0E1D5060A90044FE8F /* Info.plist */,
			);
			path = pokedex;
			sourceTree = "<group>";
		};
/* End PBXGroup section */

/* Begin PBXNativeTarget section */
		39098EFE1D5060A90044FE8F /* pokedex */ = {
			isa = PBXNativeTarget;
			buildConfigurationList = 39098F111D5060A90044FE8F /* Build configuration list for PBXNativeTarget "pokedex" */;
			buildPhases = (
				39098EFB1D5060A90044FE8F /* Sources */,
				39098EFC1D5060A90044FE8F /* Frameworks */,
				39098EFD1D5060A90044FE8F /* Resources */,
			);
			buildRules = (
			);
			dependencies = (
			);
			name = pokedex;
			productName = pokedex;
			productReference = 39098EFF1D5060A90044FE8F /* pokedex.app */;
			productType = "com.apple.product-type.application";
		};
/* End PBXNativeTarget section */

/* Begin PBXProject section */
		39098EF71D5060A90044FE8F /* Project object */ = {
			isa = PBXProject;
			attributes = {
				LastSwiftUpdateCheck = 0800;
				LastUpgradeCheck = 0800;
				ORGANIZATIONNAME = deepfriedmobile;
				TargetAttributes = {
					39098EFE1D5060A90044FE8F = {
						CreatedOnToolsVersion = 8.0;
						DevelopmentTeam = 9XPE39RQK8;
						DevelopmentTeamName = "deep fried mobile inc.";
						ProvisioningStyle = Automatic;
					};
				};
			};
			buildConfigurationList = 39098EFA1D5060A90044FE8F /* Build configuration list for PBXProject "pokedex" */;
			compatibilityVersion = "Xcode 3.2";
			developmentRegion = English;
			hasScannedForEncodings = 0;
			knownRegions = (
				en,
				Base,
			);
			mainGroup = 39098EF61D5060A90044FE8F;
			productRefGroup = 39098F001D5060A90044FE8F /* Products */;
			projectDirPath = "";
			projectRoot = "";
			targets = (
				39098EFE1D5060A90044FE8F /* pokedex */,
			);
		};
/* End PBXProject section */

/* Begin PBXResourcesBuildPhase section */
		39098EFD1D5060A90044FE8F /* Resources */ = {
			isa = PBXResourcesBuildPhase;
			buildActionMask = 2147483647;
			files = (
				39098F0D1D5060A90044FE8F /* LaunchScreen.storyboard in Resources */,
				39098F0A1D5060A90044FE8F /* Assets.xcassets in Resources */,
				39098F081D5060A90044FE8F /* Main.storyboard in Resources */,
			);
			runOnlyForDeploymentPostprocessing = 0;
		};
/* End PBXResourcesBuildPhase section */

/* Begin PBXSourcesBuildPhase section */
		39098EFB1D5060A90044FE8F /* Sources */ = {
			isa = PBXSourcesBuildPhase;
			buildActionMask = 2147483647;
			files = (
				39098F051D5060A90044FE8F /* ViewController.swift in Sources */,
				39098F031D5060A90044FE8F /* AppDelegate.swift in Sources */,
			);
			runOnlyForDeploymentPostprocessing = 0;
		};
/* End PBXSourcesBuildPhase section */

/* Begin PBXVariantGroup section */
		39098F061D5060A90044FE8F /* Main.storyboard */ = {
			isa = PBXVariantGroup;
			children = (
				39098F071D5060A90044FE8F /* Base */,
			);
			name = Main.storyboard;
			sourceTree = "<group>";
		};
		39098F0B1D5060A90044FE8F /* LaunchScreen.storyboard */ = {
			isa = PBXVariantGroup;
			children = (
				39098F0C1D5060A90044FE8F /* Base */,
			);
			name = LaunchScreen.storyboard;
			sourceTree = "<group>";
		};
/* End PBXVariantGroup section */

/* Begin XCBuildConfiguration section */
		39098F0F1D5060A90044FE8F /* Debug */ = {
			isa = XCBuildConfiguration;
			buildSettings = {
				ALWAYS_SEARCH_USER_PATHS = NO;
				CLANG_ANALYZER_NONNULL = YES;
				CLANG_CXX_LANGUAGE_STANDARD = "gnu++0x";
				CLANG_CXX_LIBRARY = "libc++";
				CLANG_ENABLE_MODULES = YES;
				CLANG_ENABLE_OBJC_ARC = YES;
				CLANG_WARN_BOOL_CONVERSION = YES;
				CLANG_WARN_CONSTANT_CONVERSION = YES;
				CLANG_WARN_DIRECT_OBJC_ISA_USAGE = YES_ERROR;
				CLANG_WARN_DOCUMENTATION_COMMENTS = YES;
				CLANG_WARN_EMPTY_BODY = YES;
				CLANG_WARN_ENUM_CONVERSION = YES;
				CLANG_WARN_INT_CONVERSION = YES;
				CLANG_WARN_OBJC_ROOT_CLASS = YES_ERROR;
				CLANG_WARN_UNREACHABLE_CODE = YES;
				CLANG_WARN__DUPLICATE_METHOD_MATCH = YES;
				"CODE_SIGN_IDENTITY[sdk=iphoneos*]" = "iPhone Developer";
				COPY_PHASE_STRIP = NO;
				DEBUG_INFORMATION_FORMAT = dwarf;
				ENABLE_STRICT_OBJC_MSGSEND = YES;
				ENABLE_TESTABILITY = YES;
				GCC_C_LANGUAGE_STANDARD = gnu99;
				GCC_DYNAMIC_NO_PIC = NO;
				GCC_NO_COMMON_BLOCKS = YES;
				GCC_OPTIMIZATION_LEVEL = 0;
				GCC_PREPROCESSOR_DEFINITIONS = (
					"DEBUG=1",
					"$(inherited)",
				);
				GCC_WARN_64_TO_32_BIT_CONVERSION = YES;
				GCC_WARN_ABOUT_RETURN_TYPE = YES_ERROR;
				GCC_WARN_UNDECLARED_SELECTOR = YES;
				GCC_WARN_UNINITIALIZED_AUTOS = YES_AGGRESSIVE;
				GCC_WARN_UNUSED_FUNCTION = YES;
				GCC_WARN_UNUSED_VARIABLE = YES;
				IPHONEOS_DEPLOYMENT_TARGET = 10.0;
				MTL_ENABLE_DEBUG_INFO = YES;
				ONLY_ACTIVE_ARCH = YES;
				SDKROOT = iphoneos;
				SWIFT_ACTIVE_COMPILATION_CONDITIONS = DEBUG;
				SWIFT_OPTIMIZATION_LEVEL = "-Onone";
			};
			name = Debug;
		};
		39098F101D5060A90044FE8F /* Release */ = {
			isa = XCBuildConfiguration;
			buildSettings = {
				ALWAYS_SEARCH_USER_PATHS = NO;
				CLANG_ANALYZER_NONNULL = YES;
				CLANG_CXX_LANGUAGE_STANDARD = "gnu++0x";
				CLANG_CXX_LIBRARY = "libc++";
				CLANG_ENABLE_MODULES = YES;
				CLANG_ENABLE_OBJC_ARC = YES;
				CLANG_WARN_BOOL_CONVERSION = YES;
				CLANG_WARN_CONSTANT_CONVERSION = YES;
				CLANG_WARN_DIRECT_OBJC_ISA_USAGE = YES_ERROR;
				CLANG_WARN_DOCUMENTATION_COMMENTS = YES;
				CLANG_WARN_EMPTY_BODY = YES;
				CLANG_WARN_ENUM_CONVERSION = YES;
				CLANG_WARN_INT_CONVERSION = YES;
				CLANG_WARN_OBJC_ROOT_CLASS = YES_ERROR;
				CLANG_WARN_UNREACHABLE_CODE = YES;
				CLANG_WARN__DUPLICATE_METHOD_MATCH = YES;
				"CODE_SIGN_IDENTITY[sdk=iphoneos*]" = "iPhone Developer";
				COPY_PHASE_STRIP = NO;
				DEBUG_INFORMATION_FORMAT = "dwarf-with-dsym";
				ENABLE_NS_ASSERTIONS = NO;
				ENABLE_STRICT_OBJC_MSGSEND = YES;
				GCC_C_LANGUAGE_STANDARD = gnu99;
				GCC_NO_COMMON_BLOCKS = YES;
				GCC_WARN_64_TO_32_BIT_CONVERSION = YES;
				GCC_WARN_ABOUT_RETURN_TYPE = YES_ERROR;
				GCC_WARN_UNDECLARED_SELECTOR = YES;
				GCC_WARN_UNINITIALIZED_AUTOS = YES_AGGRESSIVE;
				GCC_WARN_UNUSED_FUNCTION = YES;
				GCC_WARN_UNUSED_VARIABLE = YES;
				IPHONEOS_DEPLOYMENT_TARGET = 10.0;
				MTL_ENABLE_DEBUG_INFO = NO;
				SDKROOT = iphoneos;
				SWIFT_OPTIMIZATION_LEVEL = "-Owholemodule";
				VALIDATE_PRODUCT = YES;
			};
			name = Release;
		};
		39098F121D5060A90044FE8F /* Debug */ = {
			isa = XCBuildConfiguration;
			buildSettings = {
				ASSETCATALOG_COMPILER_APPICON_NAME = AppIcon;
				INFOPLIST_FILE = pokedex/Info.plist;
				LD_RUNPATH_SEARCH_PATHS = "$(inherited) @executable_path/Frameworks";
				PRODUCT_BUNDLE_IDENTIFIER = com.deepfriedmobile.pokedex;
				PRODUCT_NAME = "$(TARGET_NAME)";
				SWIFT_VERSION = 3.0;
			};
			name = Debug;
		};
		39098F131D5060A90044FE8F /* Release */ = {
			isa = XCBuildConfiguration;
			buildSettings = {
				ASSETCATALOG_COMPILER_APPICON_NAME = AppIcon;
				INFOPLIST_FILE = pokedex/Info.plist;
				LD_RUNPATH_SEARCH_PATHS = "$(inherited) @executable_path/Frameworks";
				PRODUCT_BUNDLE_IDENTIFIER = com.deepfriedmobile.pokedex;
				PRODUCT_NAME = "$(TARGET_NAME)";
				SWIFT_VERSION = 3.0;
			};
			name = Release;
		};
/* End XCBuildConfiguration section */

/* Begin XCConfigurationList section */
		39098EFA1D5060A90044FE8F /* Build configuration list for PBXProject "pokedex" */ = {
			isa = XCConfigurationList;
			buildConfigurations = (
				39098F0F1D5060A90044FE8F /* Debug */,
				39098F101D5060A90044FE8F /* Release */,
			);
			defaultConfigurationIsVisible = 0;
			defaultConfigurationName = Release;
		};
		39098F111D5060A90044FE8F /* Build configuration list for PBXNativeTarget "pokedex" */ = {
			isa = XCConfigurationList;
			buildConfigurations = (
				39098F121D5060A90044FE8F /* Debug */,
				39098F131D5060A90044FE8F /* Release */,
			);
			defaultConfigurationIsVisible = 0;
		};
/* End XCConfigurationList section */
	};
	rootObject = 39098EF71D5060A90044FE8F /* Project object */;
}
